
Microsoft Visual Studio Solution File, Format Version 12.00
# Visual Studio Version 17
VisualStudioVersion = 17.5.33502.453
MinimumVisualStudioVersion = 10.0.40219.1
Project("{FAE04EC0-301F-11D3-BF4B-00C04F79EFBC}") = "WebAppCoreWithAzureDB", "WebAppCoreWithAzureDB.csproj", "{7793980A-73E3-4264-8823-C7A3535751DC}"
EndProject
Global
	GlobalSection(SolutionConfigurationPlatforms) = preSolution
		Debug|Any CPU = Debug|Any CPU
		Release|Any CPU = Release|Any CPU
	EndGlobalSection
	GlobalSection(ProjectConfigurationPlatforms) = postSolution
		{7793980A-73E3-4264-8823-C7A3535751DC}.Debug|Any CPU.ActiveCfg = Debug|Any CPU
		{7793980A-73E3-4264-8823-C7A3535751DC}.Debug|Any CPU.Build.0 = Debug|Any CPU
		{7793980A-73E3-4264-8823-C7A3535751DC}.Release|Any CPU.ActiveCfg = Release|Any CPU
		{7793980A-73E3-4264-8823-C7A3535751DC}.Release|Any CPU.Build.0 = Release|Any CPU
	EndGlobalSection
	GlobalSection(SolutionProperties) = preSolution
		HideSolutionNode = FALSE
	EndGlobalSection
	GlobalSection(ExtensibilityGlobals) = postSolution
		SolutionGuid = {05354698-A7BD-4277-BE4F-CCB48F163DD8}
	EndGlobalSection
EndGlobal
